PODS:
  - EAIntroView (2.12.0):
    - EARestrictedScrollView (~> 1.1.0)
  - EARestrictedScrollView (1.1.0)
  - Floaty (4.1.0)
  - SCLAlertView (0.8)

DEPENDENCIES:
  - EAIntroView
  - Floaty
  - SCLAlertView

SPEC REPOS:
  https://github.com/cocoapods/specs.git:
    - EAIntroView
    - EARestrictedScrollView
    - Floaty
    - SCLAlertView

SPEC CHECKSUMS:
  EAIntroView: 249559079ddfdbe80e5bcb755c04c3b964b2ac27
  EARestrictedScrollView: b0c2a3f92fb2610bb44d71c5e4893777c89e45ef
  Floaty: 1a4e213f3512cf3045ef9cb0c1ff456226d1f66a
  SCLAlertView: 6a77bb2edfc65e04dbe57725546cb4107a506b85

PODFILE CHECKSUM: 1492c3377754b8dea23fa8b20a90cb263e644262

COCOAPODS: 1.5.3
